# This file is automatically @generated by Wally.
# It is not intended for manual editing.
registry = "test"

[[package]]
name = "busycityguy/finite-state-machine-luau"
version = "0.1.0"
dependencies = [["Freeze", "duckarmor/freeze@0.1.4"], ["TestEZ", "roblox/testez@0.4.1"]]

[[package]]
name = "duckarmor/freeze"
version = "0.1.4"
dependencies = [["TestEZ", "roblox/testez@0.4.1"]]

[[package]]
name = "roblox/testez"
version = "0.4.1"
dependencies = []
